// !$*UTF8*$!
{
	archiveVersion = 1;
	classes = {
	};
	objectVersion = 56;
	objects = {

/* Begin PBXBuildFile section */
		CC09B2CA2B65212100ED9D6A /* DeveloperInfoVC.swift in Sources */ = {isa = PBXBuildFile; fileRef = CC09B2C92B65212100ED9D6A /* DeveloperInfoVC.swift */; };
		CC96D1842B5EA56200B5D46C /* AppDelegate.swift in Sources */ = {isa = PBXBuildFile; fileRef = CC96D1832B5EA56200B5D46C /* AppDelegate.swift */; };
		CC96D1862B5EA56200B5D46C /* SceneDelegate.swift in Sources */ = {isa = PBXBuildFile; fileRef = CC96D1852B5EA56200B5D46C /* SceneDelegate.swift */; };
		CC96D1882B5EA56200B5D46C /* MenuVC.swift in Sources */ = {isa = PBXBuildFile; fileRef = CC96D1872B5EA56200B5D46C /* MenuVC.swift */; };
		CC96D18B2B5EA56200B5D46C /* Main.storyboard in Resources */ = {isa = PBXBuildFile; fileRef = CC96D1892B5EA56200B5D46C /* Main.storyboard */; };
		CC96D18D2B5EA56300B5D46C /* Assets.xcassets in Resources */ = {isa = PBXBuildFile; fileRef = CC96D18C2B5EA56300B5D46C /* Assets.xcassets */; };
		CC96D1902B5EA56300B5D46C /* LaunchScreen.storyboard in Resources */ = {isa = PBXBuildFile; fileRef = CC96D18E2B5EA56300B5D46C /* LaunchScreen.storyboard */; };
		CC96D1982B5EA7B100B5D46C /* StaffManagementVC.swift in Sources */ = {isa = PBXBuildFile; fileRef = CC96D1972B5EA7B100B5D46C /* StaffManagementVC.swift */; };
/* End PBXBuildFile section */

/* Begin PBXFileReference section */
		CC09B2C92B65212100ED9D6A /* DeveloperInfoVC.swift */ = {isa = PBXFileReference; lastKnownFileType = sourcecode.swift; path = DeveloperInfoVC.swift; sourceTree = "<group>"; };
		CC96D1802B5EA56200B5D46C /* BeerBar.app */ = {isa = PBXFileReference; explicitFileType = wrapper.application; includeInIndex = 0; path = BeerBar.app; sourceTree = BUILT_PRODUCTS_DIR; };
		CC96D1832B5EA56200B5D46C /* AppDelegate.swift */ = {isa = PBXFileReference; lastKnownFileType = sourcecode.swift; path = AppDelegate.swift; sourceTree = "<group>"; };
		CC96D1852B5EA56200B5D46C /* SceneDelegate.swift */ = {isa = PBXFileReference; lastKnownFileType = sourcecode.swift; path = SceneDelegate.swift; sourceTree = "<group>"; };
		CC96D1872B5EA56200B5D46C /* MenuVC.swift */ = {isa = PBXFileReference; lastKnownFileType = sourcecode.swift; path = MenuVC.swift; sourceTree = "<group>"; };
		CC96D18A2B5EA56200B5D46C /* Base */ = {isa = PBXFileReference; lastKnownFileType = file.storyboard; name = Base; path = Base.lproj/Main.storyboard; sourceTree = "<group>"; };
		CC96D18C2B5EA56300B5D46C /* Assets.xcassets */ = {isa = PBXFileReference; lastKnownFileType = folder.assetcatalog; path = Assets.xcassets; sourceTree = "<group>"; };
		CC96D18F2B5EA56300B5D46C /* Base */ = {isa = PBXFileReference; lastKnownFileType = file.storyboard; name = Base; path = Base.lproj/LaunchScreen.storyboard; sourceTree = "<group>"; };
		CC96D1912B5EA56300B5D46C /* Info.plist */ = {isa = PBXFileReference; lastKnownFileType = text.plist.xml; path = Info.plist; sourceTree = "<group>"; };
		CC96D1972B5EA7B100B5D46C /* StaffManagementVC.swift */ = {isa = PBXFileReference; lastKnownFileType = sourcecode.swift; path = StaffManagementVC.swift; sourceTree = "<group>"; };
/* End PBXFileReference section */

/* Begin PBXFrameworksBuildPhase section */
		CC96D17D2B5EA56200B5D46C /* Frameworks */ = {
			isa = PBXFrameworksBuildPhase;
			buildActionMask = 2147483647;
			files = (
			);
			runOnlyForDeploymentPostprocessing = 0;
		};
/* End PBXFrameworksBuildPhase section */

/* Begin PBXGroup section */
		CC96D1772B5EA56200B5D46C = {
			isa = PBXGroup;
			children = (
				CC96D1822B5EA56200B5D46C /* BeerBar */,
				CC96D1812B5EA56200B5D46C /* Products */,
			);
			sourceTree = "<group>";
		};
		CC96D1812B5EA56200B5D46C /* Products */ = {
			isa = PBXGroup;
			children = (
				CC96D1802B5EA56200B5D46C /* BeerBar.app */,
			);
			name = Products;
			sourceTree = "<group>";
		};
		CC96D1822B5EA56200B5D46C /* BeerBar */ = {
			isa = PBXGroup;
			children = (
				CC96D1832B5EA56200B5D46C /* AppDelegate.swift */,
				CC96D1852B5EA56200B5D46C /* SceneDelegate.swift */,
				CC96D1872B5EA56200B5D46C /* MenuVC.swift */,
				CC96D1972B5EA7B100B5D46C /* StaffManagementVC.swift */,
				CC09B2C92B65212100ED9D6A /* DeveloperInfoVC.swift */,
				CC96D1892B5EA56200B5D46C /* Main.storyboard */,
				CC96D18C2B5EA56300B5D46C /* Assets.xcassets */,
				CC96D18E2B5EA56300B5D46C /* LaunchScreen.storyboard */,
				CC96D1912B5EA56300B5D46C /* Info.plist */,
			);
			path = BeerBar;
			sourceTree = "<group>";
		};
/* End PBXGroup section */

/* Begin PBXNativeTarget section */
		CC96D17F2B5EA56200B5D46C /* BeerBar */ = {
			isa = PBXNativeTarget;
			buildConfigurationList = CC96D1942B5EA56300B5D46C /* Build configuration list for PBXNativeTarget "BeerBar" */;
			buildPhases = (
				CC96D17C2B5EA56200B5D46C /* Sources */,
				CC96D17D2B5EA56200B5D46C /* Frameworks */,
				CC96D17E2B5EA56200B5D46C /* Resources */,
			);
			buildRules = (
			);
			dependencies = (
			);
			name = BeerBar;
			productName = BeerBar;
			productReference = CC96D1802B5EA56200B5D46C /* BeerBar.app */;
			productType = "com.apple.product-type.application";
		};
/* End PBXNativeTarget section */

/* Begin PBXProject section */
		CC96D1782B5EA56200B5D46C /* Project object */ = {
			isa = PBXProject;
			attributes = {
				BuildIndependentTargetsInParallel = 1;
				LastSwiftUpdateCheck = 1520;
				LastUpgradeCheck = 1520;
				TargetAttributes = {
					CC96D17F2B5EA56200B5D46C = {
						CreatedOnToolsVersion = 15.2;
					};
				};
			};
			buildConfigurationList = CC96D17B2B5EA56200B5D46C /* Build configuration list for PBXProject "BeerBar" */;
			compatibilityVersion = "Xcode 14.0";
			developmentRegion = en;
			hasScannedForEncodings = 0;
			knownRegions = (
				en,
				Base,
			);
			mainGroup = CC96D1772B5EA56200B5D46C;
			productRefGroup = CC96D1812B5EA56200B5D46C /* Products */;
			projectDirPath = "";
			projectRoot = "";
			targets = (
				CC96D17F2B5EA56200B5D46C /* BeerBar */,
			);
		};
/* End PBXProject section */

/* Begin PBXResourcesBuildPhase section */
		CC96D17E2B5EA56200B5D46C /* Resources */ = {
			isa = PBXResourcesBuildPhase;
			buildActionMask = 2147483647;
			files = (
				CC96D1902B5EA56300B5D46C /* LaunchScreen.storyboard in Resources */,
				CC96D18D2B5EA56300B5D46C /* Assets.xcassets in Resources */,
				CC96D18B2B5EA56200B5D46C /* Main.storyboard in Resources */,
			);
			runOnlyForDeploymentPostprocessing = 0;
		};
/* End PBXResourcesBuildPhase section */

/* Begin PBXSourcesBuildPhase section */
		CC96D17C2B5EA56200B5D46C /* Sources */ = {
			isa = PBXSourcesBuildPhase;
			buildActionMask = 2147483647;
			files = (
				CC96D1982B5EA7B100B5D46C /* StaffManagementVC.swift in Sources */,
				CC96D1882B5EA56200B5D46C /* MenuVC.swift in Sources */,
				CC09B2CA2B65212100ED9D6A /* DeveloperInfoVC.swift in Sources */,
				CC96D1842B5EA56200B5D46C /* AppDelegate.swift in Sources */,
				CC96D1862B5EA56200B5D46C /* SceneDelegate.swift in Sources */,
			);
			runOnlyForDeploymentPostprocessing = 0;
		};
/* End PBXSourcesBuildPhase section */

/* Begin PBXVariantGroup section */
		CC96D1892B5EA56200B5D46C /* Main.storyboard */ = {
			isa = PBXVariantGroup;
			children = (
				CC96D18A2B5EA56200B5D46C /* Base */,
			);
			name = Main.storyboard;
			sourceTree = "<group>";
		};
		CC96D18E2B5EA56300B5D46C /* LaunchScreen.storyboard */ = {
			isa = PBXVariantGroup;
			children = (
				CC96D18F2B5EA56300B5D46C /* Base */,
			);
			name = LaunchScreen.storyboard;
			sourceTree = "<group>";
		};
/* End PBXVariantGroup section */

/* Begin XCBuildConfiguration section */
		CC96D1922B5EA56300B5D46C /* Debug */ = {
			isa = XCBuildConfiguration;
			buildSettings = {
				ALWAYS_SEARCH_USER_PATHS = NO;
				ASSETCATALOG_COMPILER_GENERATE_SWIFT_ASSET_SYMBOL_EXTENSIONS = YES;
				CLANG_ANALYZER_NONNULL = YES;
				CLANG_ANALYZER_NUMBER_OBJECT_CONVERSION = YES_AGGRESSIVE;
				CLANG_CXX_LANGUAGE_STANDARD = "gnu++20";
				CLANG_ENABLE_MODULES = YES;
				CLANG_ENABLE_OBJC_ARC = YES;
				CLANG_ENABLE_OBJC_WEAK = YES;
				CLANG_WARN_BLOCK_CAPTURE_AUTORELEASING = YES;
				CLANG_WARN_BOOL_CONVERSION = YES;
				CLANG_WARN_COMMA = YES;
				CLANG_WARN_CONSTANT_CONVERSION = YES;
				CLANG_WARN_DEPRECATED_OBJC_IMPLEMENTATIONS = YES;
				CLANG_WARN_DIRECT_OBJC_ISA_USAGE = YES_ERROR;
				CLANG_WARN_DOCUMENTATION_COMMENTS = YES;
				CLANG_WARN_EMPTY_BODY = YES;
				CLANG_WARN_ENUM_CONVERSION = YES;
				CLANG_WARN_INFINITE_RECURSION = YES;
				CLANG_WARN_INT_CONVERSION = YES;
				CLANG_WARN_NON_LITERAL_NULL_CONVERSION = YES;
				CLANG_WARN_OBJC_IMPLICIT_RETAIN_SELF = YES;
				CLANG_WARN_OBJC_LITERAL_CONVERSION = YES;
				CLANG_WARN_OBJC_ROOT_CLASS = YES_ERROR;
				CLANG_WARN_QUOTED_INCLUDE_IN_FRAMEWORK_HEADER = YES;
				CLANG_WARN_RANGE_LOOP_ANALYSIS = YES;
				CLANG_WARN_STRICT_PROTOTYPES = YES;
				CLANG_WARN_SUSPICIOUS_MOVE = YES;
				CLANG_WARN_UNGUARDED_AVAILABILITY = YES_AGGRESSIVE;
				CLANG_WARN_UNREACHABLE_CODE = YES;
				CLANG_WARN__DUPLICATE_METHOD_MATCH = YES;
				COPY_PHASE_STRIP = NO;
				DEBUG_INFORMATION_FORMAT = dwarf;
				ENABLE_STRICT_OBJC_MSGSEND = YES;
				ENABLE_TESTABILITY = YES;
				ENABLE_USER_SCRIPT_SANDBOXING = YES;
				GCC_C_LANGUAGE_STANDARD = gnu17;
				GCC_DYNAMIC_NO_PIC = NO;
				GCC_NO_COMMON_BLOCKS = YES;
				GCC_OPTIMIZATION_LEVEL = 0;
				GCC_PREPROCESSOR_DEFINITIONS = (
					"DEBUG=1",
					"$(inherited)",
				);
				GCC_WARN_64_TO_32_BIT_CONVERSION = YES;
				GCC_WARN_ABOUT_RETURN_TYPE = YES_ERROR;
				GCC_WARN_UNDECLARED_SELECTOR = YES;
				GCC_WARN_UNINITIALIZED_AUTOS = YES_AGGRESSIVE;
				GCC_WARN_UNUSED_FUNCTION = YES;
				GCC_WARN_UNUSED_VARIABLE = YES;
				IPHONEOS_DEPLOYMENT_TARGET = 17.2;
				LOCALIZATION_PREFERS_STRING_CATALOGS = YES;
				MTL_ENABLE_DEBUG_INFO = INCLUDE_SOURCE;
				MTL_FAST_MATH = YES;
				ONLY_ACTIVE_ARCH = YES;
				SDKROOT = iphoneos;
				SWIFT_ACTIVE_COMPILATION_CONDITIONS = "DEBUG $(inherited)";
				SWIFT_OPTIMIZATION_LEVEL = "-Onone";
			};
			name = Debug;
		};
		CC96D1932B5EA56300B5D46C /* Release */ = {
			isa = XCBuildConfiguration;
			buildSettings = {
				ALWAYS_SEARCH_USER_PATHS = NO;
				ASSETCATALOG_COMPILER_GENERATE_SWIFT_ASSET_SYMBOL_EXTENSIONS = YES;
				CLANG_ANALYZER_NONNULL = YES;
				CLANG_ANALYZER_NUMBER_OBJECT_CONVERSION = YES_AGGRESSIVE;
				CLANG_CXX_LANGUAGE_STANDARD = "gnu++20";
				CLANG_ENABLE_MODULES = YES;
				CLANG_ENABLE_OBJC_ARC = YES;
				CLANG_ENABLE_OBJC_WEAK = YES;
				CLANG_WARN_BLOCK_CAPTURE_AUTORELEASING = YES;
				CLANG_WARN_BOOL_CONVERSION = YES;
				CLANG_WARN_COMMA = YES;
				CLANG_WARN_CONSTANT_CONVERSION = YES;
				CLANG_WARN_DEPRECATED_OBJC_IMPLEMENTATIONS = YES;
				CLANG_WARN_DIRECT_OBJC_ISA_USAGE = YES_ERROR;
				CLANG_WARN_DOCUMENTATION_COMMENTS = YES;
				CLANG_WARN_EMPTY_BODY = YES;
				CLANG_WARN_ENUM_CONVERSION = YES;
				CLANG_WARN_INFINITE_RECURSION = YES;
				CLANG_WARN_INT_CONVERSION = YES;
				CLANG_WARN_NON_LITERAL_NULL_CONVERSION = YES;
				CLANG_WARN_OBJC_IMPLICIT_RETAIN_SELF = YES;
				CLANG_WARN_OBJC_LITERAL_CONVERSION = YES;
				CLANG_WARN_OBJC_ROOT_CLASS = YES_ERROR;
				CLANG_WARN_QUOTED_INCLUDE_IN_FRAMEWORK_HEADER = YES;
				CLANG_WARN_RANGE_LOOP_ANALYSIS = YES;
				CLANG_WARN_STRICT_PROTOTYPES = YES;
				CLANG_WARN_SUSPICIOUS_MOVE = YES;
				CLANG_WARN_UNGUARDED_AVAILABILITY = YES_AGGRESSIVE;
				CLANG_WARN_UNREACHABLE_CODE = YES;
				CLANG_WARN__DUPLICATE_METHOD_MATCH = YES;
				COPY_PHASE_STRIP = NO;
				DEBUG_INFORMATION_FORMAT = "dwarf-with-dsym";
				ENABLE_NS_ASSERTIONS = NO;
				ENABLE_STRICT_OBJC_MSGSEND = YES;
				ENABLE_USER_SCRIPT_SANDBOXING = YES;
				GCC_C_LANGUAGE_STANDARD = gnu17;
				GCC_NO_COMMON_BLOCKS = YES;
				GCC_WARN_64_TO_32_BIT_CONVERSION = YES;
				GCC_WARN_ABOUT_RETURN_TYPE = YES_ERROR;
				GCC_WARN_UNDECLARED_SELECTOR = YES;
				GCC_WARN_UNINITIALIZED_AUTOS = YES_AGGRESSIVE;
				GCC_WARN_UNUSED_FUNCTION = YES;
				GCC_WARN_UNUSED_VARIABLE = YES;
				IPHONEOS_DEPLOYMENT_TARGET = 17.2;
				LOCALIZATION_PREFERS_STRING_CATALOGS = YES;
				MTL_ENABLE_DEBUG_INFO = NO;
				MTL_FAST_MATH = YES;
				SDKROOT = iphoneos;
				SWIFT_COMPILATION_MODE = wholemodule;
				VALIDATE_PRODUCT = YES;
			};
			name = Release;
		};
		CC96D1952B5EA56300B5D46C /* Debug */ = {
			isa = XCBuildConfiguration;
			buildSettings = {
				ASSETCATALOG_COMPILER_APPICON_NAME = AppIcon;
				ASSETCATALOG_COMPILER_GLOBAL_ACCENT_COLOR_NAME = AccentColor;
				CODE_SIGN_STYLE = Automatic;
				CURRENT_PROJECT_VERSION = 1;
				DEVELOPMENT_TEAM = 9PUAYTQL85;
				GENERATE_INFOPLIST_FILE = YES;
				INFOPLIST_FILE = BeerBar/Info.plist;
				INFOPLIST_KEY_CFBundleDisplayName = "Billy Bar";
				INFOPLIST_KEY_UIApplicationSupportsIndirectInputEvents = YES;
				INFOPLIST_KEY_UILaunchStoryboardName = LaunchScreen;
				INFOPLIST_KEY_UIMainStoryboardFile = Main;
				INFOPLIST_KEY_UISupportedInterfaceOrientations_iPad = "UIInterfaceOrientationPortrait UIInterfaceOrientationPortraitUpsideDown UIInterfaceOrientationLandscapeLeft UIInterfaceOrientationLandscapeRight";
				INFOPLIST_KEY_UISupportedInterfaceOrientations_iPhone = "UIInterfaceOrientationPortrait UIInterfaceOrientationLandscapeLeft UIInterfaceOrientationLandscapeRight";
				LD_RUNPATH_SEARCH_PATHS = (
					"$(inherited)",
					"@executable_path/Frameworks",
				);
				MARKETING_VERSION = 1.0;
				PRODUCT_BUNDLE_IDENTIFIER = com.robert.kotrutsa.fruitkit.BeerBar;
				PRODUCT_NAME = "$(TARGET_NAME)";
				SWIFT_EMIT_LOC_STRINGS = YES;
				SWIFT_VERSION = 5.0;
				TARGETED_DEVICE_FAMILY = "1,2";
			};
			name = Debug;
		};
		CC96D1962B5EA56300B5D46C /* Release */ = {
			isa = XCBuildConfiguration;
			buildSettings = {
				ASSETCATALOG_COMPILER_APPICON_NAME = AppIcon;
				ASSETCATALOG_COMPILER_GLOBAL_ACCENT_COLOR_NAME = AccentColor;
				CODE_SIGN_STYLE = Automatic;
				CURRENT_PROJECT_VERSION = 1;
				DEVELOPMENT_TEAM = 9PUAYTQL85;
				GENERATE_INFOPLIST_FILE = YES;
				INFOPLIST_FILE = BeerBar/Info.plist;
				INFOPLIST_KEY_CFBundleDisplayName = "Billy Bar";
				INFOPLIST_KEY_UIApplicationSupportsIndirectInputEvents = YES;
				INFOPLIST_KEY_UILaunchStoryboardName = LaunchScreen;
				INFOPLIST_KEY_UIMainStoryboardFile = Main;
				INFOPLIST_KEY_UISupportedInterfaceOrientations_iPad = "UIInterfaceOrientationPortrait UIInterfaceOrientationPortraitUpsideDown UIInterfaceOrientationLandscapeLeft UIInterfaceOrientationLandscapeRight";
				INFOPLIST_KEY_UISupportedInterfaceOrientations_iPhone = "UIInterfaceOrientationPortrait UIInterfaceOrientationLandscapeLeft UIInterfaceOrientationLandscapeRight";
				LD_RUNPATH_SEARCH_PATHS = (
					"$(inherited)",
					"@executable_path/Frameworks",
				);
				MARKETING_VERSION = 1.0;
				PRODUCT_BUNDLE_IDENTIFIER = com.robert.kotrutsa.fruitkit.BeerBar;
				PRODUCT_NAME = "$(TARGET_NAME)";
				SWIFT_EMIT_LOC_STRINGS = YES;
				SWIFT_VERSION = 5.0;
				TARGETED_DEVICE_FAMILY = "1,2";
			};
			name = Release;
		};
/* End XCBuildConfiguration section */

/* Begin XCConfigurationList section */
		CC96D17B2B5EA56200B5D46C /* Build configuration list for PBXProject "BeerBar" */ = {
			isa = XCConfigurationList;
			buildConfigurations = (
				CC96D1922B5EA56300B5D46C /* Debug */,
				CC96D1932B5EA56300B5D46C /* Release */,
			);
			defaultConfigurationIsVisible = 0;
			defaultConfigurationName = Release;
		};
		CC96D1942B5EA56300B5D46C /* Build configuration list for PBXNativeTarget "BeerBar" */ = {
			isa = XCConfigurationList;
			buildConfigurations = (
				CC96D1952B5EA56300B5D46C /* Debug */,
				CC96D1962B5EA56300B5D46C /* Release */,
			);
			defaultConfigurationIsVisible = 0;
			defaultConfigurationName = Release;
		};
/* End XCConfigurationList section */
	};
	rootObject = CC96D1782B5EA56200B5D46C /* Project object */;
}
